
Microsoft Visual Studio Solution File, Format Version 10.00
# Visual Studio 2008
Project("{FAE04EC0-301F-11D3-BF4B-00C04F79EFBC}") = "DoodleLand", "..\Source Codes\DoodLevel\DoodleLand.csproj", "{EC3EC23C-CF24-4C45-8010-798C89C647D5}"
EndProject
Project("{FAE04EC0-301F-11D3-BF4B-00C04F79EFBC}") = "Core.Data", "..\Source Codes\Core.Data\Core.Data.csproj", "{A1BE4C0D-5B00-4B75-870F-B9FEB741B598}"
EndProject
Global
	GlobalSection(SolutionConfigurationPlatforms) = preSolution
		Debug|Any CPU = Debug|Any CPU
		Release|Any CPU = Release|Any CPU
	EndGlobalSection
	GlobalSection(ProjectConfigurationPlatforms) = postSolution
		{EC3EC23C-CF24-4C45-8010-798C89C647D5}.Debug|Any CPU.ActiveCfg = Debug|Any CPU
		{EC3EC23C-CF24-4C45-8010-798C89C647D5}.Debug|Any CPU.Build.0 = Debug|Any CPU
		{EC3EC23C-CF24-4C45-8010-798C89C647D5}.Release|Any CPU.ActiveCfg = Release|Any CPU
		{EC3EC23C-CF24-4C45-8010-798C89C647D5}.Release|Any CPU.Build.0 = Release|Any CPU
		{A1BE4C0D-5B00-4B75-870F-B9FEB741B598}.Debug|Any CPU.ActiveCfg = Debug|Any CPU
		{A1BE4C0D-5B00-4B75-870F-B9FEB741B598}.Debug|Any CPU.Build.0 = Debug|Any CPU
		{A1BE4C0D-5B00-4B75-870F-B9FEB741B598}.Release|Any CPU.ActiveCfg = Release|Any CPU
		{A1BE4C0D-5B00-4B75-870F-B9FEB741B598}.Release|Any CPU.Build.0 = Release|Any CPU
	EndGlobalSection
	GlobalSection(SolutionProperties) = preSolution
		HideSolutionNode = FALSE
	EndGlobalSection
EndGlobal
